
Microsoft Visual Studio Solution File, Format Version 12.00
# Visual Studio 15
VisualStudioVersion = 15.0.26730.16
MinimumVisualStudioVersion = 10.0.40219.1
Project("{FAE04EC0-301F-11D3-BF4B-00C04F79EFBC}") = "collapsableBarBootStrap", "collapsableBarBootStrap\collapsableBarBootStrap.csproj", "{AD190E28-DD18-475F-90DA-59336DAFEEC8}"
EndProject
Global
	GlobalSection(SolutionConfigurationPlatforms) = preSolution
		Debug|Any CPU = Debug|Any CPU
		Release|Any CPU = Release|Any CPU
	EndGlobalSection
	GlobalSection(ProjectConfigurationPlatforms) = postSolution
		{AD190E28-DD18-475F-90DA-59336DAFEEC8}.Debug|Any CPU.ActiveCfg = Debug|Any CPU
		{AD190E28-DD18-475F-90DA-59336DAFEEC8}.Debug|Any CPU.Build.0 = Debug|Any CPU
		{AD190E28-DD18-475F-90DA-59336DAFEEC8}.Release|Any CPU.ActiveCfg = Release|Any CPU
		{AD190E28-DD18-475F-90DA-59336DAFEEC8}.Release|Any CPU.Build.0 = Release|Any CPU
	EndGlobalSection
	GlobalSection(SolutionProperties) = preSolution
		HideSolutionNode = FALSE
	EndGlobalSection
	GlobalSection(ExtensibilityGlobals) = postSolution
		SolutionGuid = {2301FCD7-7AB2-4FAD-8C40-9E0F7AC94EDB}
	EndGlobalSection
EndGlobal
